
Microsoft Visual Studio Solution File, Format Version 12.00
# Visual Studio Version 17
VisualStudioVersion = 17.5.33516.290
MinimumVisualStudioVersion = 10.0.40219.1
Project("{9A19103F-16F7-4668-BE54-9A1E7A4F7556}") = "BioTranan.Server", "BioTranan\Server\BioTranan.Server.csproj", "{D3F7DA18-9720-4E4A-8779-A54AAAB6207F}"
EndProject
Project("{9A19103F-16F7-4668-BE54-9A1E7A4F7556}") = "BioTranan.Client", "BioTranan\Client\BioTranan.Client.csproj", "{B7C1ED2C-5CFA-4D63-8600-E1BE7E0AD1D0}"
EndProject
Project("{9A19103F-16F7-4668-BE54-9A1E7A4F7556}") = "BioTranan.Shared", "BioTranan\Shared\BioTranan.Shared.csproj", "{619EAEFF-6B8E-407D-92C2-DD43A2654373}"
EndProject
Global
	GlobalSection(SolutionConfigurationPlatforms) = preSolution
		Debug|Any CPU = Debug|Any CPU
		Release|Any CPU = Release|Any CPU
	EndGlobalSection
	GlobalSection(ProjectConfigurationPlatforms) = postSolution
		{D3F7DA18-9720-4E4A-8779-A54AAAB6207F}.Debug|Any CPU.ActiveCfg = Debug|Any CPU
		{D3F7DA18-9720-4E4A-8779-A54AAAB6207F}.Debug|Any CPU.Build.0 = Debug|Any CPU
		{D3F7DA18-9720-4E4A-8779-A54AAAB6207F}.Release|Any CPU.ActiveCfg = Release|Any CPU
		{D3F7DA18-9720-4E4A-8779-A54AAAB6207F}.Release|Any CPU.Build.0 = Release|Any CPU
		{B7C1ED2C-5CFA-4D63-8600-E1BE7E0AD1D0}.Debug|Any CPU.ActiveCfg = Debug|Any CPU
		{B7C1ED2C-5CFA-4D63-8600-E1BE7E0AD1D0}.Debug|Any CPU.Build.0 = Debug|Any CPU
		{B7C1ED2C-5CFA-4D63-8600-E1BE7E0AD1D0}.Release|Any CPU.ActiveCfg = Release|Any CPU
		{B7C1ED2C-5CFA-4D63-8600-E1BE7E0AD1D0}.Release|Any CPU.Build.0 = Release|Any CPU
		{619EAEFF-6B8E-407D-92C2-DD43A2654373}.Debug|Any CPU.ActiveCfg = Debug|Any CPU
		{619EAEFF-6B8E-407D-92C2-DD43A2654373}.Debug|Any CPU.Build.0 = Debug|Any CPU
		{619EAEFF-6B8E-407D-92C2-DD43A2654373}.Release|Any CPU.ActiveCfg = Release|Any CPU
		{619EAEFF-6B8E-407D-92C2-DD43A2654373}.Release|Any CPU.Build.0 = Release|Any CPU
	EndGlobalSection
	GlobalSection(SolutionProperties) = preSolution
		HideSolutionNode = FALSE
	EndGlobalSection
	GlobalSection(ExtensibilityGlobals) = postSolution
		SolutionGuid = {1172CA91-EE5E-44EF-B1B2-AD4D1E7267F2}
	EndGlobalSection
EndGlobal
